{
  "name": "spud",
  "lockfileVersion": 2,
  "requires": true,
  "packages": {
    "": {
      "dependencies": {
        "file-saver": "^2.0.5",
        "hjson": "^3.2.2"
      }
    },
    "node_modules/file-saver": {
      "version": "2.0.5",
      "resolved": "https://registry.npmjs.org/file-saver/-/file-saver-2.0.5.tgz",
      "integrity": "sha512-P9bmyZ3h/PRG+Nzga+rbdI4OEpNDzAVyy74uVO9ATgzLK6VtAsYybF/+TOCvrc0MO793d6+42lLyZTw7/ArVzA=="
    },
    "node_modules/hjson": {
      "version": "3.2.2",
      "resolved": "https://registry.npmjs.org/hjson/-/hjson-3.2.2.tgz",
      "integrity": "sha512-MkUeB0cTIlppeSsndgESkfFD21T2nXPRaBStLtf3cAYA2bVEFdXlodZB0TukwZiobPD1Ksax5DK4RTZeaXCI3Q==",
      "bin": {
        "hjson": "bin/hjson"
      }
    }
  },
  "dependencies": {
    "file-saver": {
      "version": "2.0.5",
      "resolved": "https://registry.npmjs.org/file-saver/-/file-saver-2.0.5.tgz",
      "integrity": "sha512-P9bmyZ3h/PRG+Nzga+rbdI4OEpNDzAVyy74uVO9ATgzLK6VtAsYybF/+TOCvrc0MO793d6+42lLyZTw7/ArVzA=="
    },
    "hjson": {
      "version": "3.2.2",
      "resolved": "https://registry.npmjs.org/hjson/-/hjson-3.2.2.tgz",
      "integrity": "sha512-MkUeB0cTIlppeSsndgESkfFD21T2nXPRaBStLtf3cAYA2bVEFdXlodZB0TukwZiobPD1Ksax5DK4RTZeaXCI3Q=="
    }
  }
}
